
Microsoft Visual Studio Solution File, Format Version 12.00
# Visual Studio Version 17
VisualStudioVersion = 17.9.34723.18
MinimumVisualStudioVersion = 10.0.40219.1
Project("{8BC9CEB8-8B4A-11D0-8D11-00A0C91BC942}") = "结合自制数据结构的高中学生管理系统", "结合自制数据结构的高中学生管理系统.vcxproj", "{F65032BD-85E2-4863-B652-F7BD744395F3}"
EndProject
Global
	GlobalSection(SolutionConfigurationPlatforms) = preSolution
		Debug|x64 = Debug|x64
		Debug|x86 = Debug|x86
		Release|x64 = Release|x64
		Release|x86 = Release|x86
	EndGlobalSection
	GlobalSection(ProjectConfigurationPlatforms) = postSolution
		{F65032BD-85E2-4863-B652-F7BD744395F3}.Debug|x64.ActiveCfg = Debug|x64
		{F65032BD-85E2-4863-B652-F7BD744395F3}.Debug|x64.Build.0 = Debug|x64
		{F65032BD-85E2-4863-B652-F7BD744395F3}.Debug|x86.ActiveCfg = Debug|Win32
		{F65032BD-85E2-4863-B652-F7BD744395F3}.Debug|x86.Build.0 = Debug|Win32
		{F65032BD-85E2-4863-B652-F7BD744395F3}.Release|x64.ActiveCfg = Release|x64
		{F65032BD-85E2-4863-B652-F7BD744395F3}.Release|x64.Build.0 = Release|x64
		{F65032BD-85E2-4863-B652-F7BD744395F3}.Release|x86.ActiveCfg = Release|Win32
		{F65032BD-85E2-4863-B652-F7BD744395F3}.Release|x86.Build.0 = Release|Win32
	EndGlobalSection
	GlobalSection(SolutionProperties) = preSolution
		HideSolutionNode = FALSE
	EndGlobalSection
	GlobalSection(ExtensibilityGlobals) = postSolution
		SolutionGuid = {AD29EDB0-E061-421A-8038-97389AFB1594}
	EndGlobalSection
EndGlobal
